
Microsoft Visual Studio Solution File, Format Version 12.00
# Visual Studio Version 17
VisualStudioVersion = 17.8.34408.163
MinimumVisualStudioVersion = 10.0.40219.1
Project("{9A19103F-16F7-4668-BE54-9A1E7A4F7556}") = "Mission06_Graham", "Mission06_Graham\Mission06_Graham.csproj", "{3F8EFFEC-5F4E-43BC-986F-55A01ACDFFDC}"
EndProject
Global
	GlobalSection(SolutionConfigurationPlatforms) = preSolution
		Debug|Any CPU = Debug|Any CPU
		Release|Any CPU = Release|Any CPU
	EndGlobalSection
	GlobalSection(ProjectConfigurationPlatforms) = postSolution
		{3F8EFFEC-5F4E-43BC-986F-55A01ACDFFDC}.Debug|Any CPU.ActiveCfg = Debug|Any CPU
		{3F8EFFEC-5F4E-43BC-986F-55A01ACDFFDC}.Debug|Any CPU.Build.0 = Debug|Any CPU
		{3F8EFFEC-5F4E-43BC-986F-55A01ACDFFDC}.Release|Any CPU.ActiveCfg = Release|Any CPU
		{3F8EFFEC-5F4E-43BC-986F-55A01ACDFFDC}.Release|Any CPU.Build.0 = Release|Any CPU
	EndGlobalSection
	GlobalSection(SolutionProperties) = preSolution
		HideSolutionNode = FALSE
	EndGlobalSection
	GlobalSection(ExtensibilityGlobals) = postSolution
		SolutionGuid = {9E2D799D-AE7E-4D0A-BC27-AD96B6475896}
	EndGlobalSection
EndGlobal
